
Microsoft Visual Studio Solution File, Format Version 12.00
# Visual Studio Version 16
VisualStudioVersion = 16.0.31613.86
MinimumVisualStudioVersion = 10.0.40219.1
Project("{FAE04EC0-301F-11D3-BF4B-00C04F79EFBC}") = "HLeBot", "HLeBot.csproj", "{ADB47877-ABE8-406E-86F7-075D2DD3275F}"
EndProject
Global
	GlobalSection(SolutionConfigurationPlatforms) = preSolution
		Debug|Any CPU = Debug|Any CPU
		Release|Any CPU = Release|Any CPU
	EndGlobalSection
	GlobalSection(ProjectConfigurationPlatforms) = postSolution
		{ADB47877-ABE8-406E-86F7-075D2DD3275F}.Debug|Any CPU.ActiveCfg = Debug|Any CPU
		{ADB47877-ABE8-406E-86F7-075D2DD3275F}.Debug|Any CPU.Build.0 = Debug|Any CPU
		{ADB47877-ABE8-406E-86F7-075D2DD3275F}.Release|Any CPU.ActiveCfg = Release|Any CPU
		{ADB47877-ABE8-406E-86F7-075D2DD3275F}.Release|Any CPU.Build.0 = Release|Any CPU
	EndGlobalSection
	GlobalSection(SolutionProperties) = preSolution
		HideSolutionNode = FALSE
	EndGlobalSection
	GlobalSection(ExtensibilityGlobals) = postSolution
		SolutionGuid = {8AA88AC3-947D-4C51-9274-A95C1A7E7267}
	EndGlobalSection
EndGlobal
